{
  "version": 4,
  "terraform_version": "1.6.1",
  "serial": 14,
  "lineage": "f2f7b313-c05a-d2a5-d635-5b6ef3656cce",
  "outputs": {},
  "resources": [
    {
      "mode": "data",
      "type": "aws_iam_policy_document",
      "name": "cyf_frontend_policy",
      "provider": "provider[\"registry.terraform.io/hashicorp/aws\"]",
      "instances": [
        {
          "schema_version": 0,
          "attributes": {
            "id": "3640181770",
            "json": "{\n  \"Version\": \"2012-10-17\",\n  \"Statement\": [\n    {\n      \"Sid\": \"PublicRead\",\n      \"Effect\": \"Allow\",\n      \"Action\": \"s3:GetObject\",\n      \"Resource\": \"arn:aws:s3:::aws-cyf-hotel/*\",\n      \"Principal\": \"*\"\n    }\n  ]\n}",
            "override_policy_documents": null,
            "policy_id": null,
            "source_policy_documents": null,
            "statement": [
              {
                "actions": [
                  "s3:GetObject"
                ],
                "condition": [],
                "effect": "Allow",
                "not_actions": [],
                "not_principals": [],
                "not_resources": [],
                "principals": [
                  {
                    "identifiers": [
                      "*"
                    ],
                    "type": "*"
                  }
                ],
                "resources": [
                  "arn:aws:s3:::aws-cyf-hotel/*"
                ],
                "sid": "PublicRead"
              }
            ],
            "version": "2012-10-17"
          },
          "sensitive_attributes": []
        }
      ]
    },
    {
      "mode": "managed",
      "type": "aws_s3_bucket",
      "name": "cyf_frontend",
      "provider": "provider[\"registry.terraform.io/hashicorp/aws\"]",
      "instances": [
        {
          "status": "tainted",
          "schema_version": 0,
          "attributes": {
            "acceleration_status": null,
            "acl": null,
            "arn": null,
            "bucket": "aws-cyf-hotel2",
            "bucket_domain_name": null,
            "bucket_prefix": null,
            "bucket_regional_domain_name": null,
            "cors_rule": null,
            "force_destroy": false,
            "grant": [],
            "hosted_zone_id": null,
            "id": "aws-cyf-hotel2",
            "lifecycle_rule": null,
            "logging": null,
            "object_lock_configuration": null,
            "object_lock_enabled": null,
            "policy": null,
            "region": null,
            "replication_configuration": null,
            "request_payer": null,
            "server_side_encryption_configuration": null,
            "tags": null,
            "tags_all": null,
            "timeouts": null,
            "versioning": null,
            "website": null,
            "website_domain": null,
            "website_endpoint": null
          },
          "sensitive_attributes": [],
          "private": "eyJlMmJmYjczMC1lY2FhLTExZTYtOGY4OC0zNDM2M2JjN2M0YzAiOnsiY3JlYXRlIjoxMjAwMDAwMDAwMDAwLCJkZWxldGUiOjM2MDAwMDAwMDAwMDAsInJlYWQiOjEyMDAwMDAwMDAwMDAsInVwZGF0ZSI6MTIwMDAwMDAwMDAwMH19"
        }
      ]
    }
  ],
  "check_results": null
}
